# Generated by move; do not edit
# This file should be checked in.

[move]
version = 4

[pinned.testnet.AptosFramework]
source = { git = "https://github.com/aptos-labs/aptos-framework.git", subdir = "aptos-framework", rev = "eea778c2276e302119d6e469ec3dd0b78fcce039" }
use_environment = "testnet"
manifest_digest = "C924A1DD72F654232DD8FEBC0AE13E18A1F36490C87823757CA499A11BA46ADB"
deps = { AptosStdlib = "AptosStdlib", MoveStdlib = "MoveStdlib_1" }

[pinned.testnet.AptosStdlib]
source = { git = "https://github.com/aptos-labs/aptos-framework.git", subdir = "aptos-stdlib", rev = "eea778c2276e302119d6e469ec3dd0b78fcce039" }
use_environment = "testnet"
manifest_digest = "7AFB66695545775FBFBB2D3078ADFD084244D5002392E837FDE21D9EA1C6D01C"
deps = { MoveStdlib = "MoveStdlib_1" }

[pinned.testnet.MoveStdlib]
source = { git = "https://github.com/MystenLabs/sui.git", subdir = "crates/sui-framework/packages/move-stdlib", rev = "c2428b3aaf9c24270b609001e56d96cb10c76d28" }
use_environment = "testnet"
manifest_digest = "C4FE4C91DE74CBF223B2E380AE40F592177D21870DC2D7EB6227D2D694E05363"
deps = {}

[pinned.testnet.MoveStdlib_1]
source = { git = "https://github.com/aptos-labs/aptos-framework.git", subdir = "move-stdlib", rev = "eea778c2276e302119d6e469ec3dd0b78fcce039" }
use_environment = "testnet"
manifest_digest = "C4FE4C91DE74CBF223B2E380AE40F592177D21870DC2D7EB6227D2D694E05363"
deps = {}

[pinned.testnet.Sui]
source = { git = "https://github.com/MystenLabs/sui.git", subdir = "crates/sui-framework/packages/sui-framework", rev = "c2428b3aaf9c24270b609001e56d96cb10c76d28" }
use_environment = "testnet"
manifest_digest = "7AFB66695545775FBFBB2D3078ADFD084244D5002392E837FDE21D9EA1C6D01C"
deps = { MoveStdlib = "MoveStdlib" }

[pinned.testnet.menoid_aptos]
source = { root = true }
use_environment = "testnet"
manifest_digest = "E0C0C6E7EBFC24FA320A07495EA3F1DD34AA18BB2C47D8B0BBECDB9449E1E086"
deps = { AptosFramework = "AptosFramework", AptosStdlib = "AptosStdlib", std = "MoveStdlib", sui = "Sui" }
